{
  "name": "CBE-pathway",
  "version": "0.0.1",
  "lockfileVersion": 3,
  "requires": true,
  "packages": {
    "": {
      "name": "CBE-pathway",
      "version": "0.0.1",
      "license": "UNLICENSED",
      "devDependencies": {},
      "engines": {
        "node": ">=18.0.0",
        "pnpm": ">=8.0.0"
      }
    }
  }
}
